
Microsoft Visual Studio Solution File, Format Version 12.00
Project("{FAE04EC0-301F-11D3-BF4B-00C04F79EFBC}") = "TektonChallenge.Core", "src\TektonChallenge.Core\TektonChallenge.Core.csproj", "{434439FA-4509-457E-B1EB-CA318F3E5D84}"
EndProject
Project("{FAE04EC0-301F-11D3-BF4B-00C04F79EFBC}") = "TektonChallenge.Infrastructure", "src\TektonChallenge.Infrastructure\TektonChallenge.Infrastructure.csproj", "{0A8EFC4D-E722-45D8-8207-569C7BD4706B}"
EndProject
Project("{FAE04EC0-301F-11D3-BF4B-00C04F79EFBC}") = "TektonChallenge.Api", "TektonChallenge.Api\TektonChallenge.Api.csproj", "{FF81960C-EB58-4B0C-8873-3C9FE89628CE}"
EndProject
Global
	GlobalSection(SolutionConfigurationPlatforms) = preSolution
		Debug|Any CPU = Debug|Any CPU
		Release|Any CPU = Release|Any CPU
	EndGlobalSection
	GlobalSection(ProjectConfigurationPlatforms) = postSolution
		{434439FA-4509-457E-B1EB-CA318F3E5D84}.Debug|Any CPU.ActiveCfg = Debug|Any CPU
		{434439FA-4509-457E-B1EB-CA318F3E5D84}.Debug|Any CPU.Build.0 = Debug|Any CPU
		{434439FA-4509-457E-B1EB-CA318F3E5D84}.Release|Any CPU.ActiveCfg = Release|Any CPU
		{434439FA-4509-457E-B1EB-CA318F3E5D84}.Release|Any CPU.Build.0 = Release|Any CPU
		{0A8EFC4D-E722-45D8-8207-569C7BD4706B}.Debug|Any CPU.ActiveCfg = Debug|Any CPU
		{0A8EFC4D-E722-45D8-8207-569C7BD4706B}.Debug|Any CPU.Build.0 = Debug|Any CPU
		{0A8EFC4D-E722-45D8-8207-569C7BD4706B}.Release|Any CPU.ActiveCfg = Release|Any CPU
		{0A8EFC4D-E722-45D8-8207-569C7BD4706B}.Release|Any CPU.Build.0 = Release|Any CPU
		{FF81960C-EB58-4B0C-8873-3C9FE89628CE}.Debug|Any CPU.ActiveCfg = Debug|Any CPU
		{FF81960C-EB58-4B0C-8873-3C9FE89628CE}.Debug|Any CPU.Build.0 = Debug|Any CPU
		{FF81960C-EB58-4B0C-8873-3C9FE89628CE}.Release|Any CPU.ActiveCfg = Release|Any CPU
		{FF81960C-EB58-4B0C-8873-3C9FE89628CE}.Release|Any CPU.Build.0 = Release|Any CPU
	EndGlobalSection
EndGlobal
